
Microsoft Visual Studio Solution File, Format Version 12.00
# Visual Studio 15
VisualStudioVersion = 15.0.28307.572
MinimumVisualStudioVersion = 10.0.40219.1
Project("{FAE04EC0-301F-11D3-BF4B-00C04F79EFBC}") = "CodeFirst", "CodeFirst\CodeFirst.csproj", "{644B5FCA-6746-490C-A97F-1DF9274BC92C}"
EndProject
Project("{FAE04EC0-301F-11D3-BF4B-00C04F79EFBC}") = "CodeFirst.Test", "CodeFirst.Test\CodeFirst.Test.csproj", "{51525DEF-5661-400F-9CF6-DE01F94C2ACE}"
EndProject
Global
	GlobalSection(SolutionConfigurationPlatforms) = preSolution
		Debug|Any CPU = Debug|Any CPU
		Release|Any CPU = Release|Any CPU
	EndGlobalSection
	GlobalSection(ProjectConfigurationPlatforms) = postSolution
		{644B5FCA-6746-490C-A97F-1DF9274BC92C}.Debug|Any CPU.ActiveCfg = Debug|Any CPU
		{644B5FCA-6746-490C-A97F-1DF9274BC92C}.Debug|Any CPU.Build.0 = Debug|Any CPU
		{644B5FCA-6746-490C-A97F-1DF9274BC92C}.Release|Any CPU.ActiveCfg = Release|Any CPU
		{644B5FCA-6746-490C-A97F-1DF9274BC92C}.Release|Any CPU.Build.0 = Release|Any CPU
		{51525DEF-5661-400F-9CF6-DE01F94C2ACE}.Debug|Any CPU.ActiveCfg = Debug|Any CPU
		{51525DEF-5661-400F-9CF6-DE01F94C2ACE}.Debug|Any CPU.Build.0 = Debug|Any CPU
		{51525DEF-5661-400F-9CF6-DE01F94C2ACE}.Release|Any CPU.ActiveCfg = Release|Any CPU
		{51525DEF-5661-400F-9CF6-DE01F94C2ACE}.Release|Any CPU.Build.0 = Release|Any CPU
	EndGlobalSection
	GlobalSection(SolutionProperties) = preSolution
		HideSolutionNode = FALSE
	EndGlobalSection
	GlobalSection(ExtensibilityGlobals) = postSolution
		SolutionGuid = {4AE81F33-A907-4232-84AE-5ABFAA52EC80}
	EndGlobalSection
EndGlobal
